Microsoft Visual Studio Solution File, Format Version 12.00
# Visual Studio 2012
Project("{FAE04EC0-301F-11D3-BF4B-00C04F79EFBC}") = "Budget Application", "Budget Application.csproj", "{311BAB41-E156-4934-9C8D-288CE852E510}"
EndProject
Global
	GlobalSection(SolutionConfigurationPlatforms) = preSolution
	Debug|Any CPU = Debug|Any CPU
	ExportDebug|Any CPU = ExportDebug|Any CPU
	ExportRelease|Any CPU = ExportRelease|Any CPU
	EndGlobalSection
	GlobalSection(ProjectConfigurationPlatforms) = postSolution
		{311BAB41-E156-4934-9C8D-288CE852E510}.Debug|Any CPU.ActiveCfg = Debug|Any CPU
		{311BAB41-E156-4934-9C8D-288CE852E510}.Debug|Any CPU.Build.0 = Debug|Any CPU
		{311BAB41-E156-4934-9C8D-288CE852E510}.ExportDebug|Any CPU.ActiveCfg = ExportDebug|Any CPU
		{311BAB41-E156-4934-9C8D-288CE852E510}.ExportDebug|Any CPU.Build.0 = ExportDebug|Any CPU
		{311BAB41-E156-4934-9C8D-288CE852E510}.ExportRelease|Any CPU.ActiveCfg = ExportRelease|Any CPU
		{311BAB41-E156-4934-9C8D-288CE852E510}.ExportRelease|Any CPU.Build.0 = ExportRelease|Any CPU
	EndGlobalSection
EndGlobal
